
Microsoft Visual Studio Solution File, Format Version 12.00
# Visual Studio Version 16
VisualStudioVersion = 16.0.31129.286
MinimumVisualStudioVersion = 10.0.40219.1
Project("{9A19103F-16F7-4668-BE54-9A1E7A4F7556}") = "NIBLISO.Web", "NIBLISO.Web\NIBLISO.Web.csproj", "{4D4373DA-E9C4-4401-8B58-D4CEDFF1BF35}"
EndProject
Global
	GlobalSection(SolutionConfigurationPlatforms) = preSolution
		Debug|Any CPU = Debug|Any CPU
		Release|Any CPU = Release|Any CPU
	EndGlobalSection
	GlobalSection(ProjectConfigurationPlatforms) = postSolution
		{4D4373DA-E9C4-4401-8B58-D4CEDFF1BF35}.Debug|Any CPU.ActiveCfg = Debug|Any CPU
		{4D4373DA-E9C4-4401-8B58-D4CEDFF1BF35}.Debug|Any CPU.Build.0 = Debug|Any CPU
		{4D4373DA-E9C4-4401-8B58-D4CEDFF1BF35}.Release|Any CPU.ActiveCfg = Release|Any CPU
		{4D4373DA-E9C4-4401-8B58-D4CEDFF1BF35}.Release|Any CPU.Build.0 = Release|Any CPU
	EndGlobalSection
	GlobalSection(SolutionProperties) = preSolution
		HideSolutionNode = FALSE
	EndGlobalSection
	GlobalSection(ExtensibilityGlobals) = postSolution
		SolutionGuid = {151E710B-C02E-4213-99E8-8C4DE29638D1}
	EndGlobalSection
EndGlobal
